
Microsoft Visual Studio Solution File, Format Version 12.00
# Visual Studio Version 16
VisualStudioVersion = 16.0.30611.23
MinimumVisualStudioVersion = 15.0.26124.0
Project("{2150E333-8FDC-42A3-9474-1A3956D46DE8}") = "src", "src", "{213D12E9-3BC6-4768-A618-2CD80696B585}"
EndProject
Project("{9A19103F-16F7-4668-BE54-9A1E7A4F7556}") = "MyMicroserviceActio.Api", "src\MyMicroserviceActio.Api\MyMicroserviceActio.Api.csproj", "{83220A5D-EB13-4932-8719-662796CB033F}"
EndProject
Project("{9A19103F-16F7-4668-BE54-9A1E7A4F7556}") = "MyMicroserviceActio.Common", "src\MyMicroserviceActio.Common\MyMicroserviceActio.Common.csproj", "{B4162444-4C3C-4D2C-B2D1-FDEFFCC6FDC2}"
EndProject
Project("{9A19103F-16F7-4668-BE54-9A1E7A4F7556}") = "MyMicroserviceActio.Services.Activities", "src\MyMicroserviceActio.Services.Activities\MyMicroserviceActio.Services.Activities.csproj", "{CBF9B2B8-EA05-46D7-A186-D257FB420961}"
EndProject
Project("{9A19103F-16F7-4668-BE54-9A1E7A4F7556}") = "MyMicroserviceActio.Services.Identity", "src\MyMicroserviceActio.Services.Identity\MyMicroserviceActio.Services.Identity.csproj", "{80FF3555-DAA9-4EA0-ADBB-6B793A1F65E1}"
EndProject
Project("{2150E333-8FDC-42A3-9474-1A3956D46DE8}") = "tests", "tests", "{C11A3FBC-93EF-411F-985A-A35612C5428C}"
EndProject
Project("{9A19103F-16F7-4668-BE54-9A1E7A4F7556}") = "MyMicroserviceActio.Api.Tests", "tests\MyMicroserviceActio.Api.Tests\MyMicroserviceActio.Api.Tests.csproj", "{F21884A5-111D-427D-AD8A-8908F633C181}"
EndProject
Project("{9A19103F-16F7-4668-BE54-9A1E7A4F7556}") = "MyMicroserviceActio.Services.Activities.Tests", "tests\MyMicroserviceActio.Services.Activities.Tests\MyMicroserviceActio.Services.Activities.Tests.csproj", "{F9F61032-953E-42BC-B71F-C65B81691650}"
EndProject
Project("{9A19103F-16F7-4668-BE54-9A1E7A4F7556}") = "MyMicroserviceActio.Services.Identity.Tests", "tests\MyMicroserviceActio.Services.Identity.Tests\MyMicroserviceActio.Services.Identity.Tests.csproj", "{8E537E30-ADD5-4AC3-A1B3-97CB3EB7BDED}"
EndProject
Global
	GlobalSection(SolutionConfigurationPlatforms) = preSolution
		Debug|Any CPU = Debug|Any CPU
		Debug|x64 = Debug|x64
		Debug|x86 = Debug|x86
		Release|Any CPU = Release|Any CPU
		Release|x64 = Release|x64
		Release|x86 = Release|x86
	EndGlobalSection
	GlobalSection(ProjectConfigurationPlatforms) = postSolution
		{83220A5D-EB13-4932-8719-662796CB033F}.Debug|Any CPU.ActiveCfg = Debug|Any CPU
		{83220A5D-EB13-4932-8719-662796CB033F}.Debug|Any CPU.Build.0 = Debug|Any CPU
		{83220A5D-EB13-4932-8719-662796CB033F}.Debug|x64.ActiveCfg = Debug|Any CPU
		{83220A5D-EB13-4932-8719-662796CB033F}.Debug|x64.Build.0 = Debug|Any CPU
		{83220A5D-EB13-4932-8719-662796CB033F}.Debug|x86.ActiveCfg = Debug|Any CPU
		{83220A5D-EB13-4932-8719-662796CB033F}.Debug|x86.Build.0 = Debug|Any CPU
		{83220A5D-EB13-4932-8719-662796CB033F}.Release|Any CPU.ActiveCfg = Release|Any CPU
		{83220A5D-EB13-4932-8719-662796CB033F}.Release|Any CPU.Build.0 = Release|Any CPU
		{83220A5D-EB13-4932-8719-662796CB033F}.Release|x64.ActiveCfg = Release|Any CPU
		{83220A5D-EB13-4932-8719-662796CB033F}.Release|x64.Build.0 = Release|Any CPU
		{83220A5D-EB13-4932-8719-662796CB033F}.Release|x86.ActiveCfg = Release|Any CPU
		{83220A5D-EB13-4932-8719-662796CB033F}.Release|x86.Build.0 = Release|Any CPU
		{B4162444-4C3C-4D2C-B2D1-FDEFFCC6FDC2}.Debug|Any CPU.ActiveCfg = Debug|Any CPU
		{B4162444-4C3C-4D2C-B2D1-FDEFFCC6FDC2}.Debug|Any CPU.Build.0 = Debug|Any CPU
		{B4162444-4C3C-4D2C-B2D1-FDEFFCC6FDC2}.Debug|x64.ActiveCfg = Debug|Any CPU
		{B4162444-4C3C-4D2C-B2D1-FDEFFCC6FDC2}.Debug|x64.Build.0 = Debug|Any CPU
		{B4162444-4C3C-4D2C-B2D1-FDEFFCC6FDC2}.Debug|x86.ActiveCfg = Debug|Any CPU
		{B4162444-4C3C-4D2C-B2D1-FDEFFCC6FDC2}.Debug|x86.Build.0 = Debug|Any CPU
		{B4162444-4C3C-4D2C-B2D1-FDEFFCC6FDC2}.Release|Any CPU.ActiveCfg = Release|Any CPU
		{B4162444-4C3C-4D2C-B2D1-FDEFFCC6FDC2}.Release|Any CPU.Build.0 = Release|Any CPU
		{B4162444-4C3C-4D2C-B2D1-FDEFFCC6FDC2}.Release|x64.ActiveCfg = Release|Any CPU
		{B4162444-4C3C-4D2C-B2D1-FDEFFCC6FDC2}.Release|x64.Build.0 = Release|Any CPU
		{B4162444-4C3C-4D2C-B2D1-FDEFFCC6FDC2}.Release|x86.ActiveCfg = Release|Any CPU
		{B4162444-4C3C-4D2C-B2D1-FDEFFCC6FDC2}.Release|x86.Build.0 = Release|Any CPU
		{CBF9B2B8-EA05-46D7-A186-D257FB420961}.Debug|Any CPU.ActiveCfg = Debug|Any CPU
		{CBF9B2B8-EA05-46D7-A186-D257FB420961}.Debug|Any CPU.Build.0 = Debug|Any CPU
		{CBF9B2B8-EA05-46D7-A186-D257FB420961}.Debug|x64.ActiveCfg = Debug|Any CPU
		{CBF9B2B8-EA05-46D7-A186-D257FB420961}.Debug|x64.Build.0 = Debug|Any CPU
		{CBF9B2B8-EA05-46D7-A186-D257FB420961}.Debug|x86.ActiveCfg = Debug|Any CPU
		{CBF9B2B8-EA05-46D7-A186-D257FB420961}.Debug|x86.Build.0 = Debug|Any CPU
		{CBF9B2B8-EA05-46D7-A186-D257FB420961}.Release|Any CPU.ActiveCfg = Release|Any CPU
		{CBF9B2B8-EA05-46D7-A186-D257FB420961}.Release|Any CPU.Build.0 = Release|Any CPU
		{CBF9B2B8-EA05-46D7-A186-D257FB420961}.Release|x64.ActiveCfg = Release|Any CPU
		{CBF9B2B8-EA05-46D7-A186-D257FB420961}.Release|x64.Build.0 = Release|Any CPU
		{CBF9B2B8-EA05-46D7-A186-D257FB420961}.Release|x86.ActiveCfg = Release|Any CPU
		{CBF9B2B8-EA05-46D7-A186-D257FB420961}.Release|x86.Build.0 = Release|Any CPU
		{80FF3555-DAA9-4EA0-ADBB-6B793A1F65E1}.Debug|Any CPU.ActiveCfg = Debug|Any CPU
		{80FF3555-DAA9-4EA0-ADBB-6B793A1F65E1}.Debug|Any CPU.Build.0 = Debug|Any CPU
		{80FF3555-DAA9-4EA0-ADBB-6B793A1F65E1}.Debug|x64.ActiveCfg = Debug|Any CPU
		{80FF3555-DAA9-4EA0-ADBB-6B793A1F65E1}.Debug|x64.Build.0 = Debug|Any CPU
		{80FF3555-DAA9-4EA0-ADBB-6B793A1F65E1}.Debug|x86.ActiveCfg = Debug|Any CPU
		{80FF3555-DAA9-4EA0-ADBB-6B793A1F65E1}.Debug|x86.Build.0 = Debug|Any CPU
		{80FF3555-DAA9-4EA0-ADBB-6B793A1F65E1}.Release|Any CPU.ActiveCfg = Release|Any CPU
		{80FF3555-DAA9-4EA0-ADBB-6B793A1F65E1}.Release|Any CPU.Build.0 = Release|Any CPU
		{80FF3555-DAA9-4EA0-ADBB-6B793A1F65E1}.Release|x64.ActiveCfg = Release|Any CPU
		{80FF3555-DAA9-4EA0-ADBB-6B793A1F65E1}.Release|x64.Build.0 = Release|Any CPU
		{80FF3555-DAA9-4EA0-ADBB-6B793A1F65E1}.Release|x86.ActiveCfg = Release|Any CPU
		{80FF3555-DAA9-4EA0-ADBB-6B793A1F65E1}.Release|x86.Build.0 = Release|Any CPU
		{F21884A5-111D-427D-AD8A-8908F633C181}.Debug|Any CPU.ActiveCfg = Debug|Any CPU
		{F21884A5-111D-427D-AD8A-8908F633C181}.Debug|Any CPU.Build.0 = Debug|Any CPU
		{F21884A5-111D-427D-AD8A-8908F633C181}.Debug|x64.ActiveCfg = Debug|Any CPU
		{F21884A5-111D-427D-AD8A-8908F633C181}.Debug|x64.Build.0 = Debug|Any CPU
		{F21884A5-111D-427D-AD8A-8908F633C181}.Debug|x86.ActiveCfg = Debug|Any CPU
		{F21884A5-111D-427D-AD8A-8908F633C181}.Debug|x86.Build.0 = Debug|Any CPU
		{F21884A5-111D-427D-AD8A-8908F633C181}.Release|Any CPU.ActiveCfg = Release|Any CPU
		{F21884A5-111D-427D-AD8A-8908F633C181}.Release|Any CPU.Build.0 = Release|Any CPU
		{F21884A5-111D-427D-AD8A-8908F633C181}.Release|x64.ActiveCfg = Release|Any CPU
		{F21884A5-111D-427D-AD8A-8908F633C181}.Release|x64.Build.0 = Release|Any CPU
		{F21884A5-111D-427D-AD8A-8908F633C181}.Release|x86.ActiveCfg = Release|Any CPU
		{F21884A5-111D-427D-AD8A-8908F633C181}.Release|x86.Build.0 = Release|Any CPU
		{F9F61032-953E-42BC-B71F-C65B81691650}.Debug|Any CPU.ActiveCfg = Debug|Any CPU
		{F9F61032-953E-42BC-B71F-C65B81691650}.Debug|Any CPU.Build.0 = Debug|Any CPU
		{F9F61032-953E-42BC-B71F-C65B81691650}.Debug|x64.ActiveCfg = Debug|Any CPU
		{F9F61032-953E-42BC-B71F-C65B81691650}.Debug|x64.Build.0 = Debug|Any CPU
		{F9F61032-953E-42BC-B71F-C65B81691650}.Debug|x86.ActiveCfg = Debug|Any CPU
		{F9F61032-953E-42BC-B71F-C65B81691650}.Debug|x86.Build.0 = Debug|Any CPU
		{F9F61032-953E-42BC-B71F-C65B81691650}.Release|Any CPU.ActiveCfg = Release|Any CPU
		{F9F61032-953E-42BC-B71F-C65B81691650}.Release|Any CPU.Build.0 = Release|Any CPU
		{F9F61032-953E-42BC-B71F-C65B81691650}.Release|x64.ActiveCfg = Release|Any CPU
		{F9F61032-953E-42BC-B71F-C65B81691650}.Release|x64.Build.0 = Release|Any CPU
		{F9F61032-953E-42BC-B71F-C65B81691650}.Release|x86.ActiveCfg = Release|Any CPU
		{F9F61032-953E-42BC-B71F-C65B81691650}.Release|x86.Build.0 = Release|Any CPU
		{8E537E30-ADD5-4AC3-A1B3-97CB3EB7BDED}.Debug|Any CPU.ActiveCfg = Debug|Any CPU
		{8E537E30-ADD5-4AC3-A1B3-97CB3EB7BDED}.Debug|Any CPU.Build.0 = Debug|Any CPU
		{8E537E30-ADD5-4AC3-A1B3-97CB3EB7BDED}.Debug|x64.ActiveCfg = Debug|Any CPU
		{8E537E30-ADD5-4AC3-A1B3-97CB3EB7BDED}.Debug|x64.Build.0 = Debug|Any CPU
		{8E537E30-ADD5-4AC3-A1B3-97CB3EB7BDED}.Debug|x86.ActiveCfg = Debug|Any CPU
		{8E537E30-ADD5-4AC3-A1B3-97CB3EB7BDED}.Debug|x86.Build.0 = Debug|Any CPU
		{8E537E30-ADD5-4AC3-A1B3-97CB3EB7BDED}.Release|Any CPU.ActiveCfg = Release|Any CPU
		{8E537E30-ADD5-4AC3-A1B3-97CB3EB7BDED}.Release|Any CPU.Build.0 = Release|Any CPU
		{8E537E30-ADD5-4AC3-A1B3-97CB3EB7BDED}.Release|x64.ActiveCfg = Release|Any CPU
		{8E537E30-ADD5-4AC3-A1B3-97CB3EB7BDED}.Release|x64.Build.0 = Release|Any CPU
		{8E537E30-ADD5-4AC3-A1B3-97CB3EB7BDED}.Release|x86.ActiveCfg = Release|Any CPU
		{8E537E30-ADD5-4AC3-A1B3-97CB3EB7BDED}.Release|x86.Build.0 = Release|Any CPU
	EndGlobalSection
	GlobalSection(SolutionProperties) = preSolution
		HideSolutionNode = FALSE
	EndGlobalSection
	GlobalSection(NestedProjects) = preSolution
		{83220A5D-EB13-4932-8719-662796CB033F} = {213D12E9-3BC6-4768-A618-2CD80696B585}
		{B4162444-4C3C-4D2C-B2D1-FDEFFCC6FDC2} = {213D12E9-3BC6-4768-A618-2CD80696B585}
		{CBF9B2B8-EA05-46D7-A186-D257FB420961} = {213D12E9-3BC6-4768-A618-2CD80696B585}
		{80FF3555-DAA9-4EA0-ADBB-6B793A1F65E1} = {213D12E9-3BC6-4768-A618-2CD80696B585}
		{F21884A5-111D-427D-AD8A-8908F633C181} = {C11A3FBC-93EF-411F-985A-A35612C5428C}
		{F9F61032-953E-42BC-B71F-C65B81691650} = {C11A3FBC-93EF-411F-985A-A35612C5428C}
		{8E537E30-ADD5-4AC3-A1B3-97CB3EB7BDED} = {C11A3FBC-93EF-411F-985A-A35612C5428C}
	EndGlobalSection
	GlobalSection(ExtensibilityGlobals) = postSolution
		SolutionGuid = {3F5760C6-596F-4C58-9C8F-06BA3DD5F40C}
	EndGlobalSection
EndGlobal
